<?xml version="1.0" encoding="utf-8"?>
<Project ToolsVersion="4.0" xmlns="http://schemas.microsoft.com/developer/msbuild/2003">
  <ItemGroup>
    <ClCompile Include="test_entity.cpp">
      <Filter>Source Files</Filter>
    </ClCompile>
    <ClCompile Include="test_entity_aggregation_deserializer.cpp">
      <Filter>Source Files</Filter>
    </ClCompile>
    <ClCompile Include="test_entity_aggregation_serializer.cpp">
      <Filter>Source Files</Filter>
    </ClCompile>
    <ClCompile Include="test_istreamable_entity.cpp">
      <Filter>Source Files</Filter>
    </ClCompile>
    <ClCompile Include="test_iserializable_entity.cpp">
      <Filter>Source Files</Filter>
    </ClCompile>
  </ItemGroup>
  <ItemGroup>
    <ClInclude Include="config.h">
      <Filter>Header Files</Filter>
    </ClInclude>
  </ItemGroup>
  <ItemGroup>
    <None Include="packages.config" />
  </ItemGroup>
  <ItemGroup>
    <Filter Include="Header Files">
      <UniqueIdentifier>{7a147187-9e2f-460d-bcf7-9235ade83081}</UniqueIdentifier>
    </Filter>
    <Filter Include="Source Files">
      <UniqueIdentifier>{da4e8d60-e16f-4b2f-a084-34367fea80ed}</UniqueIdentifier>
    </Filter>
  </ItemGroup>
</Project>