
Microsoft Visual Studio Solution File, Format Version 12.00
# Visual Studio 15
VisualStudioVersion = 15.0.28010.2050
MinimumVisualStudioVersion = 10.0.40219.1
Project("{8BC9CEB8-8B4A-11D0-8D11-00A0C91BC942}") = "Entities", "Entities\Entities.vcxproj", "{94B435D2-9DCA-42D2-8758-0D2CF9F95120}"
EndProject
Project("{8BC9CEB8-8B4A-11D0-8D11-00A0C91BC942}") = "test_entities", "test_entities\test_entities.vcxproj", "{3D017588-8579-4C78-B56C-D8750D15F75D}"
	ProjectSection(ProjectDependencies) = postProject
		{94B435D2-9DCA-42D2-8758-0D2CF9F95120} = {94B435D2-9DCA-42D2-8758-0D2CF9F95120}
	EndProjectSection
EndProject
Project("{8BC9CEB8-8B4A-11D0-8D11-00A0C91BC942}") = "Resources", "Resources\Resources.vcxproj", "{191CCC0E-4C7D-4ADD-94C9-B9E66AFCCBD4}"
EndProject
Project("{8BC9CEB8-8B4A-11D0-8D11-00A0C91BC942}") = "test_resources", "test_resources\test_resources.vcxproj", "{5BE006F3-645B-4A18-A17C-0E339D23748D}"
EndProject
Project("{8BC9CEB8-8B4A-11D0-8D11-00A0C91BC942}") = "Events", "Events\Events.vcxproj", "{FA9DE200-085D-4769-AADF-BDEF22CA0077}"
EndProject
Project("{8BC9CEB8-8B4A-11D0-8D11-00A0C91BC942}") = "test_events", "test_events\test_events.vcxproj", "{1313B853-2A64-4119-8B8C-EF7E13582ED2}"
EndProject
Project("{888888A0-9F3D-457C-B088-3A5042F75D52}") = "test_entities_module", "test_entities_module\test_entities_module.pyproj", "{6AD8EBC0-8E65-4052-A365-844F6739D245}"
EndProject
Project("{8BC9CEB8-8B4A-11D0-8D11-00A0C91BC942}") = "EntitiesModule", "EntitiesModule\EntitiesModule.vcxproj", "{509AAC0E-0FA5-4661-B4F3-12B32EF43965}"
	ProjectSection(ProjectDependencies) = postProject
		{94B435D2-9DCA-42D2-8758-0D2CF9F95120} = {94B435D2-9DCA-42D2-8758-0D2CF9F95120}
	EndProjectSection
EndProject
Project("{8BC9CEB8-8B4A-11D0-8D11-00A0C91BC942}") = "ResourcesModule", "ResourcesModule\ResourcesModule.vcxproj", "{8CAF4564-52DF-46D0-AD0F-7726CBAC6758}"
	ProjectSection(ProjectDependencies) = postProject
		{191CCC0E-4C7D-4ADD-94C9-B9E66AFCCBD4} = {191CCC0E-4C7D-4ADD-94C9-B9E66AFCCBD4}
	EndProjectSection
EndProject
Project("{888888A0-9F3D-457C-B088-3A5042F75D52}") = "test_resources_module", "test_resources_module\test_resources_module.pyproj", "{DCEF6CF7-DA36-4363-A683-C7F84C669BC1}"
EndProject
Project("{2150E333-8FDC-42A3-9474-1A3956D46DE8}") = "DataModel", "DataModel", "{968AB570-B4DF-4922-9FB8-141785405B16}"
EndProject
Project("{2150E333-8FDC-42A3-9474-1A3956D46DE8}") = "DataModelModules", "DataModelModules", "{005AA06C-F22D-4692-9129-2F40B86A4E79}"
EndProject
Project("{2150E333-8FDC-42A3-9474-1A3956D46DE8}") = "unit_tests_data_model", "unit_tests_data_model", "{33B35DAA-AB45-43DB-BCEA-837735A53CC1}"
EndProject
Project("{2150E333-8FDC-42A3-9474-1A3956D46DE8}") = "unit_tests_data_model_modules", "unit_tests_data_model_modules", "{0137C43D-8B74-4F49-85C2-5CA27F10C6F3}"
EndProject
Global
	GlobalSection(SolutionConfigurationPlatforms) = preSolution
		Debug|Any CPU = Debug|Any CPU
		Debug|x64 = Debug|x64
		Debug|x86 = Debug|x86
		Release|Any CPU = Release|Any CPU
		Release|x64 = Release|x64
		Release|x86 = Release|x86
	EndGlobalSection
	GlobalSection(ProjectConfigurationPlatforms) = postSolution
		{94B435D2-9DCA-42D2-8758-0D2CF9F95120}.Debug|Any CPU.ActiveCfg = Debug|Win32
		{94B435D2-9DCA-42D2-8758-0D2CF9F95120}.Debug|x64.ActiveCfg = Debug|x64
		{94B435D2-9DCA-42D2-8758-0D2CF9F95120}.Debug|x64.Build.0 = Debug|x64
		{94B435D2-9DCA-42D2-8758-0D2CF9F95120}.Debug|x86.ActiveCfg = Debug|Win32
		{94B435D2-9DCA-42D2-8758-0D2CF9F95120}.Debug|x86.Build.0 = Debug|Win32
		{94B435D2-9DCA-42D2-8758-0D2CF9F95120}.Release|Any CPU.ActiveCfg = Release|Win32
		{94B435D2-9DCA-42D2-8758-0D2CF9F95120}.Release|x64.ActiveCfg = Release|x64
		{94B435D2-9DCA-42D2-8758-0D2CF9F95120}.Release|x64.Build.0 = Release|x64
		{94B435D2-9DCA-42D2-8758-0D2CF9F95120}.Release|x86.ActiveCfg = Release|Win32
		{94B435D2-9DCA-42D2-8758-0D2CF9F95120}.Release|x86.Build.0 = Release|Win32
		{3D017588-8579-4C78-B56C-D8750D15F75D}.Debug|Any CPU.ActiveCfg = Debug|Win32
		{3D017588-8579-4C78-B56C-D8750D15F75D}.Debug|x64.ActiveCfg = Debug|x64
		{3D017588-8579-4C78-B56C-D8750D15F75D}.Debug|x64.Build.0 = Debug|x64
		{3D017588-8579-4C78-B56C-D8750D15F75D}.Debug|x86.ActiveCfg = Debug|Win32
		{3D017588-8579-4C78-B56C-D8750D15F75D}.Debug|x86.Build.0 = Debug|Win32
		{3D017588-8579-4C78-B56C-D8750D15F75D}.Release|Any CPU.ActiveCfg = Release|Win32
		{3D017588-8579-4C78-B56C-D8750D15F75D}.Release|x64.ActiveCfg = Release|x64
		{3D017588-8579-4C78-B56C-D8750D15F75D}.Release|x64.Build.0 = Release|x64
		{3D017588-8579-4C78-B56C-D8750D15F75D}.Release|x86.ActiveCfg = Release|Win32
		{3D017588-8579-4C78-B56C-D8750D15F75D}.Release|x86.Build.0 = Release|Win32
		{191CCC0E-4C7D-4ADD-94C9-B9E66AFCCBD4}.Debug|Any CPU.ActiveCfg = Debug|Win32
		{191CCC0E-4C7D-4ADD-94C9-B9E66AFCCBD4}.Debug|x64.ActiveCfg = Debug|x64
		{191CCC0E-4C7D-4ADD-94C9-B9E66AFCCBD4}.Debug|x64.Build.0 = Debug|x64
		{191CCC0E-4C7D-4ADD-94C9-B9E66AFCCBD4}.Debug|x86.ActiveCfg = Debug|Win32
		{191CCC0E-4C7D-4ADD-94C9-B9E66AFCCBD4}.Debug|x86.Build.0 = Debug|Win32
		{191CCC0E-4C7D-4ADD-94C9-B9E66AFCCBD4}.Release|Any CPU.ActiveCfg = Release|Win32
		{191CCC0E-4C7D-4ADD-94C9-B9E66AFCCBD4}.Release|x64.ActiveCfg = Release|x64
		{191CCC0E-4C7D-4ADD-94C9-B9E66AFCCBD4}.Release|x64.Build.0 = Release|x64
		{191CCC0E-4C7D-4ADD-94C9-B9E66AFCCBD4}.Release|x86.ActiveCfg = Release|Win32
		{191CCC0E-4C7D-4ADD-94C9-B9E66AFCCBD4}.Release|x86.Build.0 = Release|Win32
		{5BE006F3-645B-4A18-A17C-0E339D23748D}.Debug|Any CPU.ActiveCfg = Debug|Win32
		{5BE006F3-645B-4A18-A17C-0E339D23748D}.Debug|x64.ActiveCfg = Debug|x64
		{5BE006F3-645B-4A18-A17C-0E339D23748D}.Debug|x64.Build.0 = Debug|x64
		{5BE006F3-645B-4A18-A17C-0E339D23748D}.Debug|x86.ActiveCfg = Debug|Win32
		{5BE006F3-645B-4A18-A17C-0E339D23748D}.Debug|x86.Build.0 = Debug|Win32
		{5BE006F3-645B-4A18-A17C-0E339D23748D}.Release|Any CPU.ActiveCfg = Release|Win32
		{5BE006F3-645B-4A18-A17C-0E339D23748D}.Release|x64.ActiveCfg = Release|x64
		{5BE006F3-645B-4A18-A17C-0E339D23748D}.Release|x64.Build.0 = Release|x64
		{5BE006F3-645B-4A18-A17C-0E339D23748D}.Release|x86.ActiveCfg = Release|Win32
		{5BE006F3-645B-4A18-A17C-0E339D23748D}.Release|x86.Build.0 = Release|Win32
		{FA9DE200-085D-4769-AADF-BDEF22CA0077}.Debug|Any CPU.ActiveCfg = Debug|Win32
		{FA9DE200-085D-4769-AADF-BDEF22CA0077}.Debug|x64.ActiveCfg = Debug|x64
		{FA9DE200-085D-4769-AADF-BDEF22CA0077}.Debug|x64.Build.0 = Debug|x64
		{FA9DE200-085D-4769-AADF-BDEF22CA0077}.Debug|x86.ActiveCfg = Debug|Win32
		{FA9DE200-085D-4769-AADF-BDEF22CA0077}.Debug|x86.Build.0 = Debug|Win32
		{FA9DE200-085D-4769-AADF-BDEF22CA0077}.Release|Any CPU.ActiveCfg = Release|Win32
		{FA9DE200-085D-4769-AADF-BDEF22CA0077}.Release|x64.ActiveCfg = Release|x64
		{FA9DE200-085D-4769-AADF-BDEF22CA0077}.Release|x64.Build.0 = Release|x64
		{FA9DE200-085D-4769-AADF-BDEF22CA0077}.Release|x86.ActiveCfg = Release|Win32
		{FA9DE200-085D-4769-AADF-BDEF22CA0077}.Release|x86.Build.0 = Release|Win32
		{1313B853-2A64-4119-8B8C-EF7E13582ED2}.Debug|Any CPU.ActiveCfg = Debug|Win32
		{1313B853-2A64-4119-8B8C-EF7E13582ED2}.Debug|x64.ActiveCfg = Debug|x64
		{1313B853-2A64-4119-8B8C-EF7E13582ED2}.Debug|x64.Build.0 = Debug|x64
		{1313B853-2A64-4119-8B8C-EF7E13582ED2}.Debug|x86.ActiveCfg = Debug|Win32
		{1313B853-2A64-4119-8B8C-EF7E13582ED2}.Debug|x86.Build.0 = Debug|Win32
		{1313B853-2A64-4119-8B8C-EF7E13582ED2}.Release|Any CPU.ActiveCfg = Release|Win32
		{1313B853-2A64-4119-8B8C-EF7E13582ED2}.Release|x64.ActiveCfg = Release|x64
		{1313B853-2A64-4119-8B8C-EF7E13582ED2}.Release|x64.Build.0 = Release|x64
		{1313B853-2A64-4119-8B8C-EF7E13582ED2}.Release|x86.ActiveCfg = Release|Win32
		{1313B853-2A64-4119-8B8C-EF7E13582ED2}.Release|x86.Build.0 = Release|Win32
		{6AD8EBC0-8E65-4052-A365-844F6739D245}.Debug|Any CPU.ActiveCfg = Debug|Any CPU
		{6AD8EBC0-8E65-4052-A365-844F6739D245}.Debug|x64.ActiveCfg = Debug|Any CPU
		{6AD8EBC0-8E65-4052-A365-844F6739D245}.Debug|x86.ActiveCfg = Debug|Any CPU
		{6AD8EBC0-8E65-4052-A365-844F6739D245}.Release|Any CPU.ActiveCfg = Release|Any CPU
		{6AD8EBC0-8E65-4052-A365-844F6739D245}.Release|x64.ActiveCfg = Release|Any CPU
		{6AD8EBC0-8E65-4052-A365-844F6739D245}.Release|x86.ActiveCfg = Release|Any CPU
		{509AAC0E-0FA5-4661-B4F3-12B32EF43965}.Debug|Any CPU.ActiveCfg = Debug|Win32
		{509AAC0E-0FA5-4661-B4F3-12B32EF43965}.Debug|x64.ActiveCfg = Debug|x64
		{509AAC0E-0FA5-4661-B4F3-12B32EF43965}.Debug|x64.Build.0 = Debug|x64
		{509AAC0E-0FA5-4661-B4F3-12B32EF43965}.Debug|x86.ActiveCfg = Debug|Win32
		{509AAC0E-0FA5-4661-B4F3-12B32EF43965}.Debug|x86.Build.0 = Debug|Win32
		{509AAC0E-0FA5-4661-B4F3-12B32EF43965}.Release|Any CPU.ActiveCfg = Release|Win32
		{509AAC0E-0FA5-4661-B4F3-12B32EF43965}.Release|x64.ActiveCfg = Release|x64
		{509AAC0E-0FA5-4661-B4F3-12B32EF43965}.Release|x64.Build.0 = Release|x64
		{509AAC0E-0FA5-4661-B4F3-12B32EF43965}.Release|x86.ActiveCfg = Release|Win32
		{509AAC0E-0FA5-4661-B4F3-12B32EF43965}.Release|x86.Build.0 = Release|Win32
		{8CAF4564-52DF-46D0-AD0F-7726CBAC6758}.Debug|Any CPU.ActiveCfg = Debug|Win32
		{8CAF4564-52DF-46D0-AD0F-7726CBAC6758}.Debug|x64.ActiveCfg = Debug|x64
		{8CAF4564-52DF-46D0-AD0F-7726CBAC6758}.Debug|x64.Build.0 = Debug|x64
		{8CAF4564-52DF-46D0-AD0F-7726CBAC6758}.Debug|x86.ActiveCfg = Debug|Win32
		{8CAF4564-52DF-46D0-AD0F-7726CBAC6758}.Debug|x86.Build.0 = Debug|Win32
		{8CAF4564-52DF-46D0-AD0F-7726CBAC6758}.Release|Any CPU.ActiveCfg = Release|Win32
		{8CAF4564-52DF-46D0-AD0F-7726CBAC6758}.Release|x64.ActiveCfg = Release|x64
		{8CAF4564-52DF-46D0-AD0F-7726CBAC6758}.Release|x64.Build.0 = Release|x64
		{8CAF4564-52DF-46D0-AD0F-7726CBAC6758}.Release|x86.ActiveCfg = Release|Win32
		{8CAF4564-52DF-46D0-AD0F-7726CBAC6758}.Release|x86.Build.0 = Release|Win32
		{DCEF6CF7-DA36-4363-A683-C7F84C669BC1}.Debug|Any CPU.ActiveCfg = Debug|Any CPU
		{DCEF6CF7-DA36-4363-A683-C7F84C669BC1}.Debug|x64.ActiveCfg = Debug|Any CPU
		{DCEF6CF7-DA36-4363-A683-C7F84C669BC1}.Debug|x86.ActiveCfg = Debug|Any CPU
		{DCEF6CF7-DA36-4363-A683-C7F84C669BC1}.Release|Any CPU.ActiveCfg = Release|Any CPU
		{DCEF6CF7-DA36-4363-A683-C7F84C669BC1}.Release|x64.ActiveCfg = Release|Any CPU
		{DCEF6CF7-DA36-4363-A683-C7F84C669BC1}.Release|x86.ActiveCfg = Release|Any CPU
	EndGlobalSection
	GlobalSection(SolutionProperties) = preSolution
		HideSolutionNode = FALSE
	EndGlobalSection
	GlobalSection(NestedProjects) = preSolution
		{94B435D2-9DCA-42D2-8758-0D2CF9F95120} = {968AB570-B4DF-4922-9FB8-141785405B16}
		{3D017588-8579-4C78-B56C-D8750D15F75D} = {33B35DAA-AB45-43DB-BCEA-837735A53CC1}
		{191CCC0E-4C7D-4ADD-94C9-B9E66AFCCBD4} = {968AB570-B4DF-4922-9FB8-141785405B16}
		{5BE006F3-645B-4A18-A17C-0E339D23748D} = {33B35DAA-AB45-43DB-BCEA-837735A53CC1}
		{FA9DE200-085D-4769-AADF-BDEF22CA0077} = {968AB570-B4DF-4922-9FB8-141785405B16}
		{1313B853-2A64-4119-8B8C-EF7E13582ED2} = {33B35DAA-AB45-43DB-BCEA-837735A53CC1}
		{6AD8EBC0-8E65-4052-A365-844F6739D245} = {0137C43D-8B74-4F49-85C2-5CA27F10C6F3}
		{509AAC0E-0FA5-4661-B4F3-12B32EF43965} = {005AA06C-F22D-4692-9129-2F40B86A4E79}
		{8CAF4564-52DF-46D0-AD0F-7726CBAC6758} = {005AA06C-F22D-4692-9129-2F40B86A4E79}
		{DCEF6CF7-DA36-4363-A683-C7F84C669BC1} = {0137C43D-8B74-4F49-85C2-5CA27F10C6F3}
	EndGlobalSection
	GlobalSection(ExtensibilityGlobals) = postSolution
		SolutionGuid = {27BC0844-2DA4-47B9-924A-ED61D47529A9}
	EndGlobalSection
EndGlobal
