
Microsoft Visual Studio Solution File, Format Version 12.00
# Visual Studio Version 16
VisualStudioVersion = 16.0.30204.135
MinimumVisualStudioVersion = 10.0.40219.1
Project("{888888A0-9F3D-457C-B088-3A5042F75D52}") = "test_entities_module", "test_entities_module\test_entities_module.pyproj", "{6AD8EBC0-8E65-4052-A365-844F6739D245}"
EndProject
Project("{8BC9CEB8-8B4A-11D0-8D11-00A0C91BC942}") = "EntitiesModule", "EntitiesModule\EntitiesModule.vcxproj", "{509AAC0E-0FA5-4661-B4F3-12B32EF43965}"
EndProject
Project("{8BC9CEB8-8B4A-11D0-8D11-00A0C91BC942}") = "ResourcesModule", "ResourcesModule\ResourcesModule.vcxproj", "{8CAF4564-52DF-46D0-AD0F-7726CBAC6758}"
EndProject
Project("{888888A0-9F3D-457C-B088-3A5042F75D52}") = "test_resources_module", "test_resources_module\test_resources_module.pyproj", "{DCEF6CF7-DA36-4363-A683-C7F84C669BC1}"
EndProject
Project("{2150E333-8FDC-42A3-9474-1A3956D46DE8}") = "DataModel_Modules", "DataModel_Modules", "{005AA06C-F22D-4692-9129-2F40B86A4E79}"
EndProject
Project("{2150E333-8FDC-42A3-9474-1A3956D46DE8}") = "unit_tests_data_model_modules", "unit_tests_data_model_modules", "{0137C43D-8B74-4F49-85C2-5CA27F10C6F3}"
EndProject
Project("{2150E333-8FDC-42A3-9474-1A3956D46DE8}") = "Modules", "Modules", "{B86D0BA0-C71C-4039-96FD-2AC7499BA2C0}"
EndProject
Project("{888888A0-9F3D-457C-B088-3A5042F75D52}") = "JavaApp", "JavaApp\JavaApp.pyproj", "{97DD6584-F8F5-4440-B6F8-9517419E5223}"
EndProject
Project("{2150E333-8FDC-42A3-9474-1A3956D46DE8}") = "unit_tests", "unit_tests", "{44A15905-7C2B-4B8F-811E-B66906DAF0B9}"
EndProject
Project("{2150E333-8FDC-42A3-9474-1A3956D46DE8}") = "unit_tests_modules", "unit_tests_modules", "{FB55E799-5057-4440-9896-D646EE6AD0F3}"
EndProject
Project("{888888A0-9F3D-457C-B088-3A5042F75D52}") = "test_module_java_app", "test_module_java_app\test_module_java_app.pyproj", "{B1A3A5EE-CD75-4E0D-86E9-FF9849080C85}"
EndProject
Global
	GlobalSection(SolutionConfigurationPlatforms) = preSolution
		Debug|Any CPU = Debug|Any CPU
		Debug|x64 = Debug|x64
		Debug|x86 = Debug|x86
		Release|Any CPU = Release|Any CPU
		Release|x64 = Release|x64
		Release|x86 = Release|x86
	EndGlobalSection
	GlobalSection(ProjectConfigurationPlatforms) = postSolution
		{6AD8EBC0-8E65-4052-A365-844F6739D245}.Debug|Any CPU.ActiveCfg = Debug|Any CPU
		{6AD8EBC0-8E65-4052-A365-844F6739D245}.Debug|x64.ActiveCfg = Debug|Any CPU
		{6AD8EBC0-8E65-4052-A365-844F6739D245}.Debug|x86.ActiveCfg = Debug|Any CPU
		{6AD8EBC0-8E65-4052-A365-844F6739D245}.Release|Any CPU.ActiveCfg = Release|Any CPU
		{6AD8EBC0-8E65-4052-A365-844F6739D245}.Release|x64.ActiveCfg = Release|Any CPU
		{6AD8EBC0-8E65-4052-A365-844F6739D245}.Release|x86.ActiveCfg = Release|Any CPU
		{509AAC0E-0FA5-4661-B4F3-12B32EF43965}.Debug|Any CPU.ActiveCfg = Debug|Win32
		{509AAC0E-0FA5-4661-B4F3-12B32EF43965}.Debug|x64.ActiveCfg = Debug|x64
		{509AAC0E-0FA5-4661-B4F3-12B32EF43965}.Debug|x64.Build.0 = Debug|x64
		{509AAC0E-0FA5-4661-B4F3-12B32EF43965}.Debug|x86.ActiveCfg = Debug|Win32
		{509AAC0E-0FA5-4661-B4F3-12B32EF43965}.Debug|x86.Build.0 = Debug|Win32
		{509AAC0E-0FA5-4661-B4F3-12B32EF43965}.Release|Any CPU.ActiveCfg = Release|Win32
		{509AAC0E-0FA5-4661-B4F3-12B32EF43965}.Release|x64.ActiveCfg = Release|x64
		{509AAC0E-0FA5-4661-B4F3-12B32EF43965}.Release|x64.Build.0 = Release|x64
		{509AAC0E-0FA5-4661-B4F3-12B32EF43965}.Release|x86.ActiveCfg = Release|Win32
		{509AAC0E-0FA5-4661-B4F3-12B32EF43965}.Release|x86.Build.0 = Release|Win32
		{8CAF4564-52DF-46D0-AD0F-7726CBAC6758}.Debug|Any CPU.ActiveCfg = Debug|Win32
		{8CAF4564-52DF-46D0-AD0F-7726CBAC6758}.Debug|x64.ActiveCfg = Debug|x64
		{8CAF4564-52DF-46D0-AD0F-7726CBAC6758}.Debug|x64.Build.0 = Debug|x64
		{8CAF4564-52DF-46D0-AD0F-7726CBAC6758}.Debug|x86.ActiveCfg = Debug|Win32
		{8CAF4564-52DF-46D0-AD0F-7726CBAC6758}.Debug|x86.Build.0 = Debug|Win32
		{8CAF4564-52DF-46D0-AD0F-7726CBAC6758}.Release|Any CPU.ActiveCfg = Release|Win32
		{8CAF4564-52DF-46D0-AD0F-7726CBAC6758}.Release|x64.ActiveCfg = Release|x64
		{8CAF4564-52DF-46D0-AD0F-7726CBAC6758}.Release|x64.Build.0 = Release|x64
		{8CAF4564-52DF-46D0-AD0F-7726CBAC6758}.Release|x86.ActiveCfg = Release|Win32
		{8CAF4564-52DF-46D0-AD0F-7726CBAC6758}.Release|x86.Build.0 = Release|Win32
		{DCEF6CF7-DA36-4363-A683-C7F84C669BC1}.Debug|Any CPU.ActiveCfg = Debug|Any CPU
		{DCEF6CF7-DA36-4363-A683-C7F84C669BC1}.Debug|x64.ActiveCfg = Debug|Any CPU
		{DCEF6CF7-DA36-4363-A683-C7F84C669BC1}.Debug|x86.ActiveCfg = Debug|Any CPU
		{DCEF6CF7-DA36-4363-A683-C7F84C669BC1}.Release|Any CPU.ActiveCfg = Release|Any CPU
		{DCEF6CF7-DA36-4363-A683-C7F84C669BC1}.Release|x64.ActiveCfg = Release|Any CPU
		{DCEF6CF7-DA36-4363-A683-C7F84C669BC1}.Release|x86.ActiveCfg = Release|Any CPU
		{97DD6584-F8F5-4440-B6F8-9517419E5223}.Debug|Any CPU.ActiveCfg = Debug|Any CPU
		{97DD6584-F8F5-4440-B6F8-9517419E5223}.Debug|x64.ActiveCfg = Debug|Any CPU
		{97DD6584-F8F5-4440-B6F8-9517419E5223}.Debug|x86.ActiveCfg = Debug|Any CPU
		{97DD6584-F8F5-4440-B6F8-9517419E5223}.Release|Any CPU.ActiveCfg = Release|Any CPU
		{97DD6584-F8F5-4440-B6F8-9517419E5223}.Release|x64.ActiveCfg = Release|Any CPU
		{97DD6584-F8F5-4440-B6F8-9517419E5223}.Release|x86.ActiveCfg = Release|Any CPU
		{B1A3A5EE-CD75-4E0D-86E9-FF9849080C85}.Debug|Any CPU.ActiveCfg = Debug|Any CPU
		{B1A3A5EE-CD75-4E0D-86E9-FF9849080C85}.Debug|x64.ActiveCfg = Debug|Any CPU
		{B1A3A5EE-CD75-4E0D-86E9-FF9849080C85}.Debug|x86.ActiveCfg = Debug|Any CPU
		{B1A3A5EE-CD75-4E0D-86E9-FF9849080C85}.Release|Any CPU.ActiveCfg = Release|Any CPU
		{B1A3A5EE-CD75-4E0D-86E9-FF9849080C85}.Release|x64.ActiveCfg = Release|Any CPU
		{B1A3A5EE-CD75-4E0D-86E9-FF9849080C85}.Release|x86.ActiveCfg = Release|Any CPU
	EndGlobalSection
	GlobalSection(SolutionProperties) = preSolution
		HideSolutionNode = FALSE
	EndGlobalSection
	GlobalSection(NestedProjects) = preSolution
		{6AD8EBC0-8E65-4052-A365-844F6739D245} = {0137C43D-8B74-4F49-85C2-5CA27F10C6F3}
		{509AAC0E-0FA5-4661-B4F3-12B32EF43965} = {005AA06C-F22D-4692-9129-2F40B86A4E79}
		{8CAF4564-52DF-46D0-AD0F-7726CBAC6758} = {005AA06C-F22D-4692-9129-2F40B86A4E79}
		{DCEF6CF7-DA36-4363-A683-C7F84C669BC1} = {0137C43D-8B74-4F49-85C2-5CA27F10C6F3}
		{0137C43D-8B74-4F49-85C2-5CA27F10C6F3} = {44A15905-7C2B-4B8F-811E-B66906DAF0B9}
		{97DD6584-F8F5-4440-B6F8-9517419E5223} = {B86D0BA0-C71C-4039-96FD-2AC7499BA2C0}
		{FB55E799-5057-4440-9896-D646EE6AD0F3} = {44A15905-7C2B-4B8F-811E-B66906DAF0B9}
		{B1A3A5EE-CD75-4E0D-86E9-FF9849080C85} = {FB55E799-5057-4440-9896-D646EE6AD0F3}
	EndGlobalSection
	GlobalSection(ExtensibilityGlobals) = postSolution
		SolutionGuid = {27BC0844-2DA4-47B9-924A-ED61D47529A9}
	EndGlobalSection
EndGlobal
